
Microsoft Visual Studio Solution File, Format Version 12.00
# Visual Studio Version 17
VisualStudioVersion = 17.14.36511.14 d17.14
MinimumVisualStudioVersion = 10.0.40219.1
Project("{FAE04EC0-301F-11D3-BF4B-00C04F79EFBC}") = "Taylor-Max-A2-Project", "Taylor-Max-A2-Project.csproj", "{ABD3DB6B-EDD6-48F1-AB65-E01E08FEC738}"
EndProject
Global
	GlobalSection(SolutionConfigurationPlatforms) = preSolution
		Debug|Any CPU = Debug|Any CPU
		Release|Any CPU = Release|Any CPU
	EndGlobalSection
	GlobalSection(ProjectConfigurationPlatforms) = postSolution
		{ABD3DB6B-EDD6-48F1-AB65-E01E08FEC738}.Debug|Any CPU.ActiveCfg = Debug|Any CPU
		{ABD3DB6B-EDD6-48F1-AB65-E01E08FEC738}.Debug|Any CPU.Build.0 = Debug|Any CPU
		{ABD3DB6B-EDD6-48F1-AB65-E01E08FEC738}.Release|Any CPU.ActiveCfg = Release|Any CPU
		{ABD3DB6B-EDD6-48F1-AB65-E01E08FEC738}.Release|Any CPU.Build.0 = Release|Any CPU
	EndGlobalSection
	GlobalSection(SolutionProperties) = preSolution
		HideSolutionNode = FALSE
	EndGlobalSection
	GlobalSection(ExtensibilityGlobals) = postSolution
		SolutionGuid = {96ED241D-C884-4E9C-A3B6-621D00DA17B8}
	EndGlobalSection
EndGlobal
